
Microsoft Visual Studio Solution File, Format Version 12.00
# Visual Studio 2013
VisualStudioVersion = 12.0.21005.1
MinimumVisualStudioVersion = 10.0.40219.1
Project("{2150E333-8FDC-42A3-9474-1A3956D46DE8}") = ".nuget", ".nuget", "{5F234B52-BE16-4B12-AB6A-3842B04075C8}"
	ProjectSection(SolutionItems) = preProject
		.nuget\packages.config = .nuget\packages.config
	EndProjectSection
EndProject
Project("{FAE04EC0-301F-11D3-BF4B-00C04F79EFBC}") = "Calculator", "Calculator\Calculator.csproj", "{AA02CDF4-C86A-4E5B-B89F-7B07DB030945}"
EndProject
Project("{FAE04EC0-301F-11D3-BF4B-00C04F79EFBC}") = "NUnitApp.Test", "NUnitApp.Test\NUnitApp.Test.csproj", "{41A9724A-BA23-48E2-A5D6-7A42BCA702AF}"
EndProject
Global
	GlobalSection(SolutionConfigurationPlatforms) = preSolution
		Debug|Any CPU = Debug|Any CPU
		Release|Any CPU = Release|Any CPU
	EndGlobalSection
	GlobalSection(ProjectConfigurationPlatforms) = postSolution
		{AA02CDF4-C86A-4E5B-B89F-7B07DB030945}.Debug|Any CPU.ActiveCfg = Debug|Any CPU
		{AA02CDF4-C86A-4E5B-B89F-7B07DB030945}.Debug|Any CPU.Build.0 = Debug|Any CPU
		{AA02CDF4-C86A-4E5B-B89F-7B07DB030945}.Release|Any CPU.ActiveCfg = Release|Any CPU
		{AA02CDF4-C86A-4E5B-B89F-7B07DB030945}.Release|Any CPU.Build.0 = Release|Any CPU
		{41A9724A-BA23-48E2-A5D6-7A42BCA702AF}.Debug|Any CPU.ActiveCfg = Debug|Any CPU
		{41A9724A-BA23-48E2-A5D6-7A42BCA702AF}.Debug|Any CPU.Build.0 = Debug|Any CPU
		{41A9724A-BA23-48E2-A5D6-7A42BCA702AF}.Release|Any CPU.ActiveCfg = Release|Any CPU
		{41A9724A-BA23-48E2-A5D6-7A42BCA702AF}.Release|Any CPU.Build.0 = Release|Any CPU
	EndGlobalSection
	GlobalSection(SolutionProperties) = preSolution
		HideSolutionNode = FALSE
	EndGlobalSection
EndGlobal
